{
    "name": "chz-router_generate-cli",
    "version": "1.0.0",
    "lockfileVersion": 2,
    "requires": true,
    "packages": {
        "": {
            "name": "chz-router_generate-cli",
            "version": "1.0.0",
            "license": "ISC",
            "bin": {
                "chz-router_generate": "bin/mian.js"
            }
        }
    }
}
